
Microsoft Visual Studio Solution File, Format Version 12.00
# Visual Studio Version 17
VisualStudioVersion = 17.3.32825.248
MinimumVisualStudioVersion = 10.0.40219.1
Project("{FAE04EC0-301F-11D3-BF4B-00C04F79EFBC}") = "Ember", "Ember\Ember.csproj", "{A2FE11F6-8112-4CED-8C17-47F37FA0443D}"
EndProject
Global
	GlobalSection(SolutionConfigurationPlatforms) = preSolution
		Debug|Any CPU = Debug|Any CPU
		Release|Any CPU = Release|Any CPU
	EndGlobalSection
	GlobalSection(ProjectConfigurationPlatforms) = postSolution
		{A2FE11F6-8112-4CED-8C17-47F37FA0443D}.Debug|Any CPU.ActiveCfg = Debug|Any CPU
		{A2FE11F6-8112-4CED-8C17-47F37FA0443D}.Debug|Any CPU.Build.0 = Debug|Any CPU
		{A2FE11F6-8112-4CED-8C17-47F37FA0443D}.Release|Any CPU.ActiveCfg = Release|Any CPU
		{A2FE11F6-8112-4CED-8C17-47F37FA0443D}.Release|Any CPU.Build.0 = Release|Any CPU
	EndGlobalSection
	GlobalSection(SolutionProperties) = preSolution
		HideSolutionNode = FALSE
	EndGlobalSection
	GlobalSection(ExtensibilityGlobals) = postSolution
		SolutionGuid = {49EEDA4F-481D-42F7-BD51-6365834D7D94}
	EndGlobalSection
EndGlobal
